
Microsoft Visual Studio Solution File, Format Version 12.00
# Visual Studio Version 17
VisualStudioVersion = 17.9.34728.123
MinimumVisualStudioVersion = 10.0.40219.1
Project("{8BC9CEB8-8B4A-11D0-8D11-00A0C91BC942}") = "000test", "00test\00test.vcxproj", "{CD043F02-F0E8-4A59-9439-D98E377C1355}"
EndProject
Project("{8BC9CEB8-8B4A-11D0-8D11-00A0C91BC942}") = "001test", "001test\001test.vcxproj", "{27AB6A64-CC54-498C-AB7C-AC330FBD8D36}"
EndProject
Project("{8BC9CEB8-8B4A-11D0-8D11-00A0C91BC942}") = "043", "043\043.vcxproj", "{2058CD78-AAEA-413B-B345-991CA3CA0612}"
EndProject
Project("{8BC9CEB8-8B4A-11D0-8D11-00A0C91BC942}") = "046_bubbling", "046_bubbling\046_bubbling.vcxproj", "{F50FAADD-B1BE-4922-BF0C-B672AD10F598}"
EndProject
Project("{8BC9CEB8-8B4A-11D0-8D11-00A0C91BC942}") = "055Subfile", "055Subfile\055Subfile.vcxproj", "{EAEC2CFE-6758-42BB-AFA6-CE3CA5C1CC16}"
EndProject
Project("{8BC9CEB8-8B4A-11D0-8D11-00A0C91BC942}") = "056pointer", "056pointer\056pointer.vcxproj", "{F3F57304-D8F4-4ECB-9D07-5EDBF74B4601}"
EndProject
Project("{8BC9CEB8-8B4A-11D0-8D11-00A0C91BC942}") = "062pointer", "062pointer\062pointer.vcxproj", "{315517D7-6C52-4A0F-8D2B-465BE8226EBE}"
EndProject
Project("{8BC9CEB8-8B4A-11D0-8D11-00A0C91BC942}") = "064Struct", "064Struct\064Struct.vcxproj", "{53407F2B-C29E-405B-96E6-B51D82262B82}"
EndProject
Project("{8BC9CEB8-8B4A-11D0-8D11-00A0C91BC942}") = "070Struct", "070Struct\070Struct.vcxproj", "{C3DB1C0B-E34C-4A02-B721-54B64793C855}"
EndProject
Global
	GlobalSection(SolutionConfigurationPlatforms) = preSolution
		Debug|x64 = Debug|x64
		Debug|x86 = Debug|x86
		Release|x64 = Release|x64
		Release|x86 = Release|x86
	EndGlobalSection
	GlobalSection(ProjectConfigurationPlatforms) = postSolution
		{CD043F02-F0E8-4A59-9439-D98E377C1355}.Debug|x64.ActiveCfg = Debug|x64
		{CD043F02-F0E8-4A59-9439-D98E377C1355}.Debug|x64.Build.0 = Debug|x64
		{CD043F02-F0E8-4A59-9439-D98E377C1355}.Debug|x86.ActiveCfg = Debug|Win32
		{CD043F02-F0E8-4A59-9439-D98E377C1355}.Debug|x86.Build.0 = Debug|Win32
		{CD043F02-F0E8-4A59-9439-D98E377C1355}.Release|x64.ActiveCfg = Release|x64
		{CD043F02-F0E8-4A59-9439-D98E377C1355}.Release|x64.Build.0 = Release|x64
		{CD043F02-F0E8-4A59-9439-D98E377C1355}.Release|x86.ActiveCfg = Release|Win32
		{CD043F02-F0E8-4A59-9439-D98E377C1355}.Release|x86.Build.0 = Release|Win32
		{27AB6A64-CC54-498C-AB7C-AC330FBD8D36}.Debug|x64.ActiveCfg = Debug|x64
		{27AB6A64-CC54-498C-AB7C-AC330FBD8D36}.Debug|x64.Build.0 = Debug|x64
		{27AB6A64-CC54-498C-AB7C-AC330FBD8D36}.Debug|x86.ActiveCfg = Debug|Win32
		{27AB6A64-CC54-498C-AB7C-AC330FBD8D36}.Debug|x86.Build.0 = Debug|Win32
		{27AB6A64-CC54-498C-AB7C-AC330FBD8D36}.Release|x64.ActiveCfg = Release|x64
		{27AB6A64-CC54-498C-AB7C-AC330FBD8D36}.Release|x64.Build.0 = Release|x64
		{27AB6A64-CC54-498C-AB7C-AC330FBD8D36}.Release|x86.ActiveCfg = Release|Win32
		{27AB6A64-CC54-498C-AB7C-AC330FBD8D36}.Release|x86.Build.0 = Release|Win32
		{2058CD78-AAEA-413B-B345-991CA3CA0612}.Debug|x64.ActiveCfg = Debug|x64
		{2058CD78-AAEA-413B-B345-991CA3CA0612}.Debug|x64.Build.0 = Debug|x64
		{2058CD78-AAEA-413B-B345-991CA3CA0612}.Debug|x86.ActiveCfg = Debug|Win32
		{2058CD78-AAEA-413B-B345-991CA3CA0612}.Debug|x86.Build.0 = Debug|Win32
		{2058CD78-AAEA-413B-B345-991CA3CA0612}.Release|x64.ActiveCfg = Release|x64
		{2058CD78-AAEA-413B-B345-991CA3CA0612}.Release|x64.Build.0 = Release|x64
		{2058CD78-AAEA-413B-B345-991CA3CA0612}.Release|x86.ActiveCfg = Release|Win32
		{2058CD78-AAEA-413B-B345-991CA3CA0612}.Release|x86.Build.0 = Release|Win32
		{F50FAADD-B1BE-4922-BF0C-B672AD10F598}.Debug|x64.ActiveCfg = Debug|x64
		{F50FAADD-B1BE-4922-BF0C-B672AD10F598}.Debug|x64.Build.0 = Debug|x64
		{F50FAADD-B1BE-4922-BF0C-B672AD10F598}.Debug|x86.ActiveCfg = Debug|Win32
		{F50FAADD-B1BE-4922-BF0C-B672AD10F598}.Debug|x86.Build.0 = Debug|Win32
		{F50FAADD-B1BE-4922-BF0C-B672AD10F598}.Release|x64.ActiveCfg = Release|x64
		{F50FAADD-B1BE-4922-BF0C-B672AD10F598}.Release|x64.Build.0 = Release|x64
		{F50FAADD-B1BE-4922-BF0C-B672AD10F598}.Release|x86.ActiveCfg = Release|Win32
		{F50FAADD-B1BE-4922-BF0C-B672AD10F598}.Release|x86.Build.0 = Release|Win32
		{EAEC2CFE-6758-42BB-AFA6-CE3CA5C1CC16}.Debug|x64.ActiveCfg = Debug|x64
		{EAEC2CFE-6758-42BB-AFA6-CE3CA5C1CC16}.Debug|x64.Build.0 = Debug|x64
		{EAEC2CFE-6758-42BB-AFA6-CE3CA5C1CC16}.Debug|x86.ActiveCfg = Debug|Win32
		{EAEC2CFE-6758-42BB-AFA6-CE3CA5C1CC16}.Debug|x86.Build.0 = Debug|Win32
		{EAEC2CFE-6758-42BB-AFA6-CE3CA5C1CC16}.Release|x64.ActiveCfg = Release|x64
		{EAEC2CFE-6758-42BB-AFA6-CE3CA5C1CC16}.Release|x64.Build.0 = Release|x64
		{EAEC2CFE-6758-42BB-AFA6-CE3CA5C1CC16}.Release|x86.ActiveCfg = Release|Win32
		{EAEC2CFE-6758-42BB-AFA6-CE3CA5C1CC16}.Release|x86.Build.0 = Release|Win32
		{F3F57304-D8F4-4ECB-9D07-5EDBF74B4601}.Debug|x64.ActiveCfg = Debug|x64
		{F3F57304-D8F4-4ECB-9D07-5EDBF74B4601}.Debug|x64.Build.0 = Debug|x64
		{F3F57304-D8F4-4ECB-9D07-5EDBF74B4601}.Debug|x86.ActiveCfg = Debug|Win32
		{F3F57304-D8F4-4ECB-9D07-5EDBF74B4601}.Debug|x86.Build.0 = Debug|Win32
		{F3F57304-D8F4-4ECB-9D07-5EDBF74B4601}.Release|x64.ActiveCfg = Release|x64
		{F3F57304-D8F4-4ECB-9D07-5EDBF74B4601}.Release|x64.Build.0 = Release|x64
		{F3F57304-D8F4-4ECB-9D07-5EDBF74B4601}.Release|x86.ActiveCfg = Release|Win32
		{F3F57304-D8F4-4ECB-9D07-5EDBF74B4601}.Release|x86.Build.0 = Release|Win32
		{315517D7-6C52-4A0F-8D2B-465BE8226EBE}.Debug|x64.ActiveCfg = Debug|x64
		{315517D7-6C52-4A0F-8D2B-465BE8226EBE}.Debug|x64.Build.0 = Debug|x64
		{315517D7-6C52-4A0F-8D2B-465BE8226EBE}.Debug|x86.ActiveCfg = Debug|Win32
		{315517D7-6C52-4A0F-8D2B-465BE8226EBE}.Debug|x86.Build.0 = Debug|Win32
		{315517D7-6C52-4A0F-8D2B-465BE8226EBE}.Release|x64.ActiveCfg = Release|x64
		{315517D7-6C52-4A0F-8D2B-465BE8226EBE}.Release|x64.Build.0 = Release|x64
		{315517D7-6C52-4A0F-8D2B-465BE8226EBE}.Release|x86.ActiveCfg = Release|Win32
		{315517D7-6C52-4A0F-8D2B-465BE8226EBE}.Release|x86.Build.0 = Release|Win32
		{53407F2B-C29E-405B-96E6-B51D82262B82}.Debug|x64.ActiveCfg = Debug|x64
		{53407F2B-C29E-405B-96E6-B51D82262B82}.Debug|x64.Build.0 = Debug|x64
		{53407F2B-C29E-405B-96E6-B51D82262B82}.Debug|x86.ActiveCfg = Debug|Win32
		{53407F2B-C29E-405B-96E6-B51D82262B82}.Debug|x86.Build.0 = Debug|Win32
		{53407F2B-C29E-405B-96E6-B51D82262B82}.Release|x64.ActiveCfg = Release|x64
		{53407F2B-C29E-405B-96E6-B51D82262B82}.Release|x64.Build.0 = Release|x64
		{53407F2B-C29E-405B-96E6-B51D82262B82}.Release|x86.ActiveCfg = Release|Win32
		{53407F2B-C29E-405B-96E6-B51D82262B82}.Release|x86.Build.0 = Release|Win32
		{C3DB1C0B-E34C-4A02-B721-54B64793C855}.Debug|x64.ActiveCfg = Debug|x64
		{C3DB1C0B-E34C-4A02-B721-54B64793C855}.Debug|x64.Build.0 = Debug|x64
		{C3DB1C0B-E34C-4A02-B721-54B64793C855}.Debug|x86.ActiveCfg = Debug|Win32
		{C3DB1C0B-E34C-4A02-B721-54B64793C855}.Debug|x86.Build.0 = Debug|Win32
		{C3DB1C0B-E34C-4A02-B721-54B64793C855}.Release|x64.ActiveCfg = Release|x64
		{C3DB1C0B-E34C-4A02-B721-54B64793C855}.Release|x64.Build.0 = Release|x64
		{C3DB1C0B-E34C-4A02-B721-54B64793C855}.Release|x86.ActiveCfg = Release|Win32
		{C3DB1C0B-E34C-4A02-B721-54B64793C855}.Release|x86.Build.0 = Release|Win32
	EndGlobalSection
	GlobalSection(SolutionProperties) = preSolution
		HideSolutionNode = FALSE
	EndGlobalSection
	GlobalSection(ExtensibilityGlobals) = postSolution
		SolutionGuid = {E0D66248-B84A-46CF-93CF-0EBC770D0AAD}
	EndGlobalSection
EndGlobal
